
Microsoft Visual Studio Solution File, Format Version 12.00
# Visual Studio Version 17
VisualStudioVersion = 17.9.34622.214
MinimumVisualStudioVersion = 10.0.40219.1
Project("{FAE04EC0-301F-11D3-BF4B-00C04F79EFBC}") = "calcver2", "calcver2\calcver2.csproj", "{5ADC2C6F-0819-4222-A753-0369F3DA0EFD}"
EndProject
Global
	GlobalSection(SolutionConfigurationPlatforms) = preSolution
		Debug|Any CPU = Debug|Any CPU
		Release|Any CPU = Release|Any CPU
	EndGlobalSection
	GlobalSection(ProjectConfigurationPlatforms) = postSolution
		{5ADC2C6F-0819-4222-A753-0369F3DA0EFD}.Debug|Any CPU.ActiveCfg = Debug|Any CPU
		{5ADC2C6F-0819-4222-A753-0369F3DA0EFD}.Debug|Any CPU.Build.0 = Debug|Any CPU
		{5ADC2C6F-0819-4222-A753-0369F3DA0EFD}.Debug|Any CPU.Deploy.0 = Debug|Any CPU
		{5ADC2C6F-0819-4222-A753-0369F3DA0EFD}.Release|Any CPU.ActiveCfg = Release|Any CPU
		{5ADC2C6F-0819-4222-A753-0369F3DA0EFD}.Release|Any CPU.Build.0 = Release|Any CPU
		{5ADC2C6F-0819-4222-A753-0369F3DA0EFD}.Release|Any CPU.Deploy.0 = Release|Any CPU
	EndGlobalSection
	GlobalSection(SolutionProperties) = preSolution
		HideSolutionNode = FALSE
	EndGlobalSection
	GlobalSection(ExtensibilityGlobals) = postSolution
		SolutionGuid = {67300C85-6B3F-4679-A5A0-F8D33071E4DC}
	EndGlobalSection
EndGlobal
